
Microsoft Visual Studio Solution File, Format Version 12.00
# Visual Studio 2012
Project("{FAE04EC0-301F-11D3-BF4B-00C04F79EFBC}") = "DIP.Interface.Business", "DIP.Interface.Business\DIP.Interface.Business.csproj", "{7675B9E4-63AD-4CCB-8712-07785DBB30EF}"
EndProject
Project("{FAE04EC0-301F-11D3-BF4B-00C04F79EFBC}") = "DIP.Interface.DAL", "DIP.Interface.DAL\DIP.Interface.DAL.csproj", "{727B7ADF-529F-4C68-ABD9-968F1E32311A}"
EndProject
Project("{FAE04EC0-301F-11D3-BF4B-00C04F79EFBC}") = "DIP.Interface.Tests", "DIP.Interface.Tests\DIP.Interface.Tests.csproj", "{51418E27-50EE-4DE6-8F08-45260B68C654}"
EndProject
Project("{FAE04EC0-301F-11D3-BF4B-00C04F79EFBC}") = "DIP.EntitiesInDomain.Business", "DIP.EntitiesInDomain.Business\DIP.EntitiesInDomain.Business.csproj", "{51BD72E0-1171-4EC1-AA32-D615ED7B210D}"
EndProject
Project("{FAE04EC0-301F-11D3-BF4B-00C04F79EFBC}") = "DIP.EntitiesInDomain.Tests", "DIP.EntitiesInDomain.Tests\DIP.EntitiesInDomain.Tests.csproj", "{56AEB582-162A-4C7F-B3C3-0859B61655D9}"
EndProject
Project("{2150E333-8FDC-42A3-9474-1A3956D46DE8}") = "EntitiesInDomain", "EntitiesInDomain", "{57313931-C01E-4559-96E5-EF5E090153BE}"
EndProject
Project("{2150E333-8FDC-42A3-9474-1A3956D46DE8}") = "EntitiesInDAL", "EntitiesInDAL", "{41A38048-0339-4EAC-B2E7-2F6CD3FC1069}"
EndProject
Project("{FAE04EC0-301F-11D3-BF4B-00C04F79EFBC}") = "DIP.EntitiesInDomain.DAL", "DIP.EntitiesInDomain.DAL\DIP.EntitiesInDomain.DAL.csproj", "{0C7F5647-437B-4483-BD5A-8F342071F9AF}"
EndProject
Project("{2150E333-8FDC-42A3-9474-1A3956D46DE8}") = "DataMapper", "DataMapper", "{17481912-D5BB-4DC8-82F7-EBD0F3F67C7B}"
EndProject
Project("{FAE04EC0-301F-11D3-BF4B-00C04F79EFBC}") = "DIP.DataMapper.Business", "DIP.DataMapper.Business\DIP.DataMapper.Business.csproj", "{D7B3A7FA-0C79-4131-A789-77FE50DB1C06}"
EndProject
Project("{FAE04EC0-301F-11D3-BF4B-00C04F79EFBC}") = "DIP.DataMapper.DAL", "DIP.DataMapper.DAL\DIP.DataMapper.DAL.csproj", "{B399505F-91D7-4B9A-AF6A-B1980DF8841D}"
EndProject
Project("{FAE04EC0-301F-11D3-BF4B-00C04F79EFBC}") = "DIP.DataMapper.Tests", "DIP.DataMapper.Tests\DIP.DataMapper.Tests.csproj", "{376E30F7-B010-4193-9C78-A546B139ACF6}"
EndProject
Global
	GlobalSection(SolutionConfigurationPlatforms) = preSolution
		Debug|Any CPU = Debug|Any CPU
		Release|Any CPU = Release|Any CPU
	EndGlobalSection
	GlobalSection(ProjectConfigurationPlatforms) = postSolution
		{7675B9E4-63AD-4CCB-8712-07785DBB30EF}.Debug|Any CPU.ActiveCfg = Debug|Any CPU
		{7675B9E4-63AD-4CCB-8712-07785DBB30EF}.Debug|Any CPU.Build.0 = Debug|Any CPU
		{7675B9E4-63AD-4CCB-8712-07785DBB30EF}.Release|Any CPU.ActiveCfg = Release|Any CPU
		{7675B9E4-63AD-4CCB-8712-07785DBB30EF}.Release|Any CPU.Build.0 = Release|Any CPU
		{727B7ADF-529F-4C68-ABD9-968F1E32311A}.Debug|Any CPU.ActiveCfg = Debug|Any CPU
		{727B7ADF-529F-4C68-ABD9-968F1E32311A}.Debug|Any CPU.Build.0 = Debug|Any CPU
		{727B7ADF-529F-4C68-ABD9-968F1E32311A}.Release|Any CPU.ActiveCfg = Release|Any CPU
		{727B7ADF-529F-4C68-ABD9-968F1E32311A}.Release|Any CPU.Build.0 = Release|Any CPU
		{51418E27-50EE-4DE6-8F08-45260B68C654}.Debug|Any CPU.ActiveCfg = Debug|Any CPU
		{51418E27-50EE-4DE6-8F08-45260B68C654}.Debug|Any CPU.Build.0 = Debug|Any CPU
		{51418E27-50EE-4DE6-8F08-45260B68C654}.Release|Any CPU.ActiveCfg = Release|Any CPU
		{51418E27-50EE-4DE6-8F08-45260B68C654}.Release|Any CPU.Build.0 = Release|Any CPU
		{51BD72E0-1171-4EC1-AA32-D615ED7B210D}.Debug|Any CPU.ActiveCfg = Debug|Any CPU
		{51BD72E0-1171-4EC1-AA32-D615ED7B210D}.Debug|Any CPU.Build.0 = Debug|Any CPU
		{51BD72E0-1171-4EC1-AA32-D615ED7B210D}.Release|Any CPU.ActiveCfg = Release|Any CPU
		{51BD72E0-1171-4EC1-AA32-D615ED7B210D}.Release|Any CPU.Build.0 = Release|Any CPU
		{56AEB582-162A-4C7F-B3C3-0859B61655D9}.Debug|Any CPU.ActiveCfg = Debug|Any CPU
		{56AEB582-162A-4C7F-B3C3-0859B61655D9}.Debug|Any CPU.Build.0 = Debug|Any CPU
		{56AEB582-162A-4C7F-B3C3-0859B61655D9}.Release|Any CPU.ActiveCfg = Release|Any CPU
		{56AEB582-162A-4C7F-B3C3-0859B61655D9}.Release|Any CPU.Build.0 = Release|Any CPU
		{0C7F5647-437B-4483-BD5A-8F342071F9AF}.Debug|Any CPU.ActiveCfg = Debug|Any CPU
		{0C7F5647-437B-4483-BD5A-8F342071F9AF}.Debug|Any CPU.Build.0 = Debug|Any CPU
		{0C7F5647-437B-4483-BD5A-8F342071F9AF}.Release|Any CPU.ActiveCfg = Release|Any CPU
		{0C7F5647-437B-4483-BD5A-8F342071F9AF}.Release|Any CPU.Build.0 = Release|Any CPU
		{D7B3A7FA-0C79-4131-A789-77FE50DB1C06}.Debug|Any CPU.ActiveCfg = Debug|Any CPU
		{D7B3A7FA-0C79-4131-A789-77FE50DB1C06}.Debug|Any CPU.Build.0 = Debug|Any CPU
		{D7B3A7FA-0C79-4131-A789-77FE50DB1C06}.Release|Any CPU.ActiveCfg = Release|Any CPU
		{D7B3A7FA-0C79-4131-A789-77FE50DB1C06}.Release|Any CPU.Build.0 = Release|Any CPU
		{B399505F-91D7-4B9A-AF6A-B1980DF8841D}.Debug|Any CPU.ActiveCfg = Debug|Any CPU
		{B399505F-91D7-4B9A-AF6A-B1980DF8841D}.Debug|Any CPU.Build.0 = Debug|Any CPU
		{B399505F-91D7-4B9A-AF6A-B1980DF8841D}.Release|Any CPU.ActiveCfg = Release|Any CPU
		{B399505F-91D7-4B9A-AF6A-B1980DF8841D}.Release|Any CPU.Build.0 = Release|Any CPU
		{376E30F7-B010-4193-9C78-A546B139ACF6}.Debug|Any CPU.ActiveCfg = Debug|Any CPU
		{376E30F7-B010-4193-9C78-A546B139ACF6}.Debug|Any CPU.Build.0 = Debug|Any CPU
		{376E30F7-B010-4193-9C78-A546B139ACF6}.Release|Any CPU.ActiveCfg = Release|Any CPU
		{376E30F7-B010-4193-9C78-A546B139ACF6}.Release|Any CPU.Build.0 = Release|Any CPU
	EndGlobalSection
	GlobalSection(SolutionProperties) = preSolution
		HideSolutionNode = FALSE
	EndGlobalSection
	GlobalSection(NestedProjects) = preSolution
		{727B7ADF-529F-4C68-ABD9-968F1E32311A} = {41A38048-0339-4EAC-B2E7-2F6CD3FC1069}
		{51418E27-50EE-4DE6-8F08-45260B68C654} = {41A38048-0339-4EAC-B2E7-2F6CD3FC1069}
		{7675B9E4-63AD-4CCB-8712-07785DBB30EF} = {41A38048-0339-4EAC-B2E7-2F6CD3FC1069}
		{56AEB582-162A-4C7F-B3C3-0859B61655D9} = {57313931-C01E-4559-96E5-EF5E090153BE}
		{51BD72E0-1171-4EC1-AA32-D615ED7B210D} = {57313931-C01E-4559-96E5-EF5E090153BE}
		{0C7F5647-437B-4483-BD5A-8F342071F9AF} = {57313931-C01E-4559-96E5-EF5E090153BE}
		{D7B3A7FA-0C79-4131-A789-77FE50DB1C06} = {17481912-D5BB-4DC8-82F7-EBD0F3F67C7B}
		{B399505F-91D7-4B9A-AF6A-B1980DF8841D} = {17481912-D5BB-4DC8-82F7-EBD0F3F67C7B}
		{376E30F7-B010-4193-9C78-A546B139ACF6} = {17481912-D5BB-4DC8-82F7-EBD0F3F67C7B}
	EndGlobalSection
EndGlobal
